// !$*UTF8*$!
{
	archiveVersion = 1;
	classes = {
	};
	objectVersion = 55;
	objects = {

/* Begin PBXBuildFile section */
		48692B4127553DF60017DC36 /* ContentView.swift in Sources */ = {isa = PBXBuildFile; fileRef = 48692B4027553DF60017DC36 /* ContentView.swift */; };
		48692B4327553DF90017DC36 /* Assets.xcassets in Resources */ = {isa = PBXBuildFile; fileRef = 48692B4227553DF90017DC36 /* Assets.xcassets */; };
		48692B4627553DF90017DC36 /* Preview Assets.xcassets in Resources */ = {isa = PBXBuildFile; fileRef = 48692B4527553DF90017DC36 /* Preview Assets.xcassets */; };
		48ACF54227569CA800EDEA50 /* MailComposer.swift in Sources */ = {isa = PBXBuildFile; fileRef = 48ACF54127569CA800EDEA50 /* MailComposer.swift */; };
		B437E5B927568B8200717FF6 /* ResultView.swift in Sources */ = {isa = PBXBuildFile; fileRef = B437E5B827568B8200717FF6 /* ResultView.swift */; };
		B44AFED8275557980046306C /* InputFieldView.swift in Sources */ = {isa = PBXBuildFile; fileRef = B44AFED7275557980046306C /* InputFieldView.swift */; };
		B47D8453275547AE001E117D /* HomeView.swift in Sources */ = {isa = PBXBuildFile; fileRef = B47D8452275547AE001E117D /* HomeView.swift */; };
		B47D8455275549EF001E117D /* FormView.swift in Sources */ = {isa = PBXBuildFile; fileRef = B47D8454275549EF001E117D /* FormView.swift */; };
		B48C02542757E07A009E6B93 /* UselessEmailApp.swift in Sources */ = {isa = PBXBuildFile; fileRef = B48C02532757E07A009E6B93 /* UselessEmailApp.swift */; };
		B4E602E7275697AA007B3A95 /* Fields.swift in Sources */ = {isa = PBXBuildFile; fileRef = B4E602E6275697AA007B3A95 /* Fields.swift */; };
/* End PBXBuildFile section */

/* Begin PBXFileReference section */
		48692B3B27553DF60017DC36 /* UselessEmailApp.app */ = {isa = PBXFileReference; explicitFileType = wrapper.application; includeInIndex = 0; path = UselessEmailApp.app; sourceTree = BUILT_PRODUCTS_DIR; };
		48692B4027553DF60017DC36 /* ContentView.swift */ = {isa = PBXFileReference; lastKnownFileType = sourcecode.swift; path = ContentView.swift; sourceTree = "<group>"; };
		48692B4227553DF90017DC36 /* Assets.xcassets */ = {isa = PBXFileReference; lastKnownFileType = folder.assetcatalog; path = Assets.xcassets; sourceTree = "<group>"; };
		48692B4527553DF90017DC36 /* Preview Assets.xcassets */ = {isa = PBXFileReference; lastKnownFileType = folder.assetcatalog; path = "Preview Assets.xcassets"; sourceTree = "<group>"; };
		48ACF54127569CA800EDEA50 /* MailComposer.swift */ = {isa = PBXFileReference; lastKnownFileType = sourcecode.swift; path = MailComposer.swift; sourceTree = "<group>"; };
		B437E5B827568B8200717FF6 /* ResultView.swift */ = {isa = PBXFileReference; fileEncoding = 4; lastKnownFileType = sourcecode.swift; path = ResultView.swift; sourceTree = "<group>"; };
		B44AFED7275557980046306C /* InputFieldView.swift */ = {isa = PBXFileReference; lastKnownFileType = sourcecode.swift; path = InputFieldView.swift; sourceTree = "<group>"; };
		B47D8452275547AE001E117D /* HomeView.swift */ = {isa = PBXFileReference; lastKnownFileType = sourcecode.swift; path = HomeView.swift; sourceTree = "<group>"; };
		B47D8454275549EF001E117D /* FormView.swift */ = {isa = PBXFileReference; lastKnownFileType = sourcecode.swift; path = FormView.swift; sourceTree = "<group>"; };
		B48C02532757E07A009E6B93 /* UselessEmailApp.swift */ = {isa = PBXFileReference; fileEncoding = 4; lastKnownFileType = sourcecode.swift; path = UselessEmailApp.swift; sourceTree = "<group>"; };
		B4E602E6275697AA007B3A95 /* Fields.swift */ = {isa = PBXFileReference; lastKnownFileType = sourcecode.swift; path = Fields.swift; sourceTree = "<group>"; };
/* End PBXFileReference section */

/* Begin PBXFrameworksBuildPhase section */
		48692B3827553DF60017DC36 /* Frameworks */ = {
			isa = PBXFrameworksBuildPhase;
			buildActionMask = 2147483647;
			files = (
			);
			runOnlyForDeploymentPostprocessing = 0;
		};
/* End PBXFrameworksBuildPhase section */

/* Begin PBXGroup section */
		48692B3227553DF60017DC36 = {
			isa = PBXGroup;
			children = (
				48692B3D27553DF60017DC36 /* UselessEmailApp */,
				48692B3C27553DF60017DC36 /* Products */,
			);
			sourceTree = "<group>";
		};
		48692B3C27553DF60017DC36 /* Products */ = {
			isa = PBXGroup;
			children = (
				48692B3B27553DF60017DC36 /* UselessEmailApp.app */,
			);
			name = Products;
			sourceTree = "<group>";
		};
		48692B3D27553DF60017DC36 /* UselessEmailApp */ = {
			isa = PBXGroup;
			children = (
				B44AFED62755573D0046306C /* Components */,
				B47D845127554758001E117D /* View */,
				B4E602E527569789007B3A95 /* Extension */,
				B48C02532757E07A009E6B93 /* UselessEmailApp.swift */,
				48692B4027553DF60017DC36 /* ContentView.swift */,
				48692B4227553DF90017DC36 /* Assets.xcassets */,
				48692B4427553DF90017DC36 /* Preview Content */,
			);
			path = UselessEmailApp;
			sourceTree = "<group>";
		};
		48692B4427553DF90017DC36 /* Preview Content */ = {
			isa = PBXGroup;
			children = (
				48692B4527553DF90017DC36 /* Preview Assets.xcassets */,
			);
			path = "Preview Content";
			sourceTree = "<group>";
		};
		B44AFED62755573D0046306C /* Components */ = {
			isa = PBXGroup;
			children = (
				B44AFED7275557980046306C /* InputFieldView.swift */,
			);
			path = Components;
			sourceTree = "<group>";
		};
		B47D845127554758001E117D /* View */ = {
			isa = PBXGroup;
			children = (
				B47D8452275547AE001E117D /* HomeView.swift */,
				B47D8454275549EF001E117D /* FormView.swift */,
				B437E5B827568B8200717FF6 /* ResultView.swift */,
			);
			path = View;
			sourceTree = "<group>";
		};
		B4E602E527569789007B3A95 /* Extension */ = {
			isa = PBXGroup;
			children = (
				48ACF54127569CA800EDEA50 /* MailComposer.swift */,
				B4E602E6275697AA007B3A95 /* Fields.swift */,
			);
			path = Extension;
			sourceTree = "<group>";
		};
/* End PBXGroup section */

/* Begin PBXNativeTarget section */
		48692B3A27553DF60017DC36 /* UselessEmailApp */ = {
			isa = PBXNativeTarget;
			buildConfigurationList = 48692B4927553DF90017DC36 /* Build configuration list for PBXNativeTarget "UselessEmailApp" */;
			buildPhases = (
				48692B3727553DF60017DC36 /* Sources */,
				48692B3827553DF60017DC36 /* Frameworks */,
				48692B3927553DF60017DC36 /* Resources */,
			);
			buildRules = (
			);
			dependencies = (
			);
			name = UselessEmailApp;
			productName = UselessEmailApp;
			productReference = 48692B3B27553DF60017DC36 /* UselessEmailApp.app */;
			productType = "com.apple.product-type.application";
		};
/* End PBXNativeTarget section */

/* Begin PBXProject section */
		48692B3327553DF60017DC36 /* Project object */ = {
			isa = PBXProject;
			attributes = {
				BuildIndependentTargetsInParallel = 1;
				LastSwiftUpdateCheck = 1310;
				LastUpgradeCheck = 1310;
				TargetAttributes = {
					48692B3A27553DF60017DC36 = {
						CreatedOnToolsVersion = 13.1;
					};
				};
			};
			buildConfigurationList = 48692B3627553DF60017DC36 /* Build configuration list for PBXProject "UselessEmailApp" */;
			compatibilityVersion = "Xcode 13.0";
			developmentRegion = en;
			hasScannedForEncodings = 0;
			knownRegions = (
				en,
				Base,
			);
			mainGroup = 48692B3227553DF60017DC36;
			productRefGroup = 48692B3C27553DF60017DC36 /* Products */;
			projectDirPath = "";
			projectRoot = "";
			targets = (
				48692B3A27553DF60017DC36 /* UselessEmailApp */,
			);
		};
/* End PBXProject section */

/* Begin PBXResourcesBuildPhase section */
		48692B3927553DF60017DC36 /* Resources */ = {
			isa = PBXResourcesBuildPhase;
			buildActionMask = 2147483647;
			files = (
				48692B4627553DF90017DC36 /* Preview Assets.xcassets in Resources */,
				48692B4327553DF90017DC36 /* Assets.xcassets in Resources */,
			);
			runOnlyForDeploymentPostprocessing = 0;
		};
/* End PBXResourcesBuildPhase section */

/* Begin PBXSourcesBuildPhase section */
		48692B3727553DF60017DC36 /* Sources */ = {
			isa = PBXSourcesBuildPhase;
			buildActionMask = 2147483647;
			files = (
				48ACF54227569CA800EDEA50 /* MailComposer.swift in Sources */,
				B47D8455275549EF001E117D /* FormView.swift in Sources */,
				B44AFED8275557980046306C /* InputFieldView.swift in Sources */,
				B47D8453275547AE001E117D /* HomeView.swift in Sources */,
				48692B4127553DF60017DC36 /* ContentView.swift in Sources */,
				B48C02542757E07A009E6B93 /* UselessEmailApp.swift in Sources */,
				B4E602E7275697AA007B3A95 /* Fields.swift in Sources */,
				B437E5B927568B8200717FF6 /* ResultView.swift in Sources */,
			);
			runOnlyForDeploymentPostprocessing = 0;
		};
/* End PBXSourcesBuildPhase section */

/* Begin XCBuildConfiguration section */
		48692B4727553DF90017DC36 /* Debug */ = {
			isa = XCBuildConfiguration;
			buildSettings = {
				ALWAYS_SEARCH_USER_PATHS = NO;
				CLANG_ANALYZER_NONNULL = YES;
				CLANG_ANALYZER_NUMBER_OBJECT_CONVERSION = YES_AGGRESSIVE;
				CLANG_CXX_LANGUAGE_STANDARD = "gnu++17";
				CLANG_CXX_LIBRARY = "libc++";
				CLANG_ENABLE_MODULES = YES;
				CLANG_ENABLE_OBJC_ARC = YES;
				CLANG_ENABLE_OBJC_WEAK = YES;
				CLANG_WARN_BLOCK_CAPTURE_AUTORELEASING = YES;
				CLANG_WARN_BOOL_CONVERSION = YES;
				CLANG_WARN_COMMA = YES;
				CLANG_WARN_CONSTANT_CONVERSION = YES;
				CLANG_WARN_DEPRECATED_OBJC_IMPLEMENTATIONS = YES;
				CLANG_WARN_DIRECT_OBJC_ISA_USAGE = YES_ERROR;
				CLANG_WARN_DOCUMENTATION_COMMENTS = YES;
				CLANG_WARN_EMPTY_BODY = YES;
				CLANG_WARN_ENUM_CONVERSION = YES;
				CLANG_WARN_INFINITE_RECURSION = YES;
				CLANG_WARN_INT_CONVERSION = YES;
				CLANG_WARN_NON_LITERAL_NULL_CONVERSION = YES;
				CLANG_WARN_OBJC_IMPLICIT_RETAIN_SELF = YES;
				CLANG_WARN_OBJC_LITERAL_CONVERSION = YES;
				CLANG_WARN_OBJC_ROOT_CLASS = YES_ERROR;
				CLANG_WARN_QUOTED_INCLUDE_IN_FRAMEWORK_HEADER = YES;
				CLANG_WARN_RANGE_LOOP_ANALYSIS = YES;
				CLANG_WARN_STRICT_PROTOTYPES = YES;
				CLANG_WARN_SUSPICIOUS_MOVE = YES;
				CLANG_WARN_UNGUARDED_AVAILABILITY = YES_AGGRESSIVE;
				CLANG_WARN_UNREACHABLE_CODE = YES;
				CLANG_WARN__DUPLICATE_METHOD_MATCH = YES;
				COPY_PHASE_STRIP = NO;
				DEBUG_INFORMATION_FORMAT = dwarf;
				ENABLE_STRICT_OBJC_MSGSEND = YES;
				ENABLE_TESTABILITY = YES;
				GCC_C_LANGUAGE_STANDARD = gnu11;
				GCC_DYNAMIC_NO_PIC = NO;
				GCC_NO_COMMON_BLOCKS = YES;
				GCC_OPTIMIZATION_LEVEL = 0;
				GCC_PREPROCESSOR_DEFINITIONS = (
					"DEBUG=1",
					"$(inherited)",
				);
				GCC_WARN_64_TO_32_BIT_CONVERSION = YES;
				GCC_WARN_ABOUT_RETURN_TYPE = YES_ERROR;
				GCC_WARN_UNDECLARED_SELECTOR = YES;
				GCC_WARN_UNINITIALIZED_AUTOS = YES_AGGRESSIVE;
				GCC_WARN_UNUSED_FUNCTION = YES;
				GCC_WARN_UNUSED_VARIABLE = YES;
				IPHONEOS_DEPLOYMENT_TARGET = 15.0;
				MTL_ENABLE_DEBUG_INFO = INCLUDE_SOURCE;
				MTL_FAST_MATH = YES;
				ONLY_ACTIVE_ARCH = YES;
				SDKROOT = iphoneos;
				SWIFT_ACTIVE_COMPILATION_CONDITIONS = DEBUG;
				SWIFT_OPTIMIZATION_LEVEL = "-Onone";
			};
			name = Debug;
		};
		48692B4827553DF90017DC36 /* Release */ = {
			isa = XCBuildConfiguration;
			buildSettings = {
				ALWAYS_SEARCH_USER_PATHS = NO;
				CLANG_ANALYZER_NONNULL = YES;
				CLANG_ANALYZER_NUMBER_OBJECT_CONVERSION = YES_AGGRESSIVE;
				CLANG_CXX_LANGUAGE_STANDARD = "gnu++17";
				CLANG_CXX_LIBRARY = "libc++";
				CLANG_ENABLE_MODULES = YES;
				CLANG_ENABLE_OBJC_ARC = YES;
				CLANG_ENABLE_OBJC_WEAK = YES;
				CLANG_WARN_BLOCK_CAPTURE_AUTORELEASING = YES;
				CLANG_WARN_BOOL_CONVERSION = YES;
				CLANG_WARN_COMMA = YES;
				CLANG_WARN_CONSTANT_CONVERSION = YES;
				CLANG_WARN_DEPRECATED_OBJC_IMPLEMENTATIONS = YES;
				CLANG_WARN_DIRECT_OBJC_ISA_USAGE = YES_ERROR;
				CLANG_WARN_DOCUMENTATION_COMMENTS = YES;
				CLANG_WARN_EMPTY_BODY = YES;
				CLANG_WARN_ENUM_CONVERSION = YES;
				CLANG_WARN_INFINITE_RECURSION = YES;
				CLANG_WARN_INT_CONVERSION = YES;
				CLANG_WARN_NON_LITERAL_NULL_CONVERSION = YES;
				CLANG_WARN_OBJC_IMPLICIT_RETAIN_SELF = YES;
				CLANG_WARN_OBJC_LITERAL_CONVERSION = YES;
				CLANG_WARN_OBJC_ROOT_CLASS = YES_ERROR;
				CLANG_WARN_QUOTED_INCLUDE_IN_FRAMEWORK_HEADER = YES;
				CLANG_WARN_RANGE_LOOP_ANALYSIS = YES;
				CLANG_WARN_STRICT_PROTOTYPES = YES;
				CLANG_WARN_SUSPICIOUS_MOVE = YES;
				CLANG_WARN_UNGUARDED_AVAILABILITY = YES_AGGRESSIVE;
				CLANG_WARN_UNREACHABLE_CODE = YES;
				CLANG_WARN__DUPLICATE_METHOD_MATCH = YES;
				COPY_PHASE_STRIP = NO;
				DEBUG_INFORMATION_FORMAT = "dwarf-with-dsym";
				ENABLE_NS_ASSERTIONS = NO;
				ENABLE_STRICT_OBJC_MSGSEND = YES;
				GCC_C_LANGUAGE_STANDARD = gnu11;
				GCC_NO_COMMON_BLOCKS = YES;
				GCC_WARN_64_TO_32_BIT_CONVERSION = YES;
				GCC_WARN_ABOUT_RETURN_TYPE = YES_ERROR;
				GCC_WARN_UNDECLARED_SELECTOR = YES;
				GCC_WARN_UNINITIALIZED_AUTOS = YES_AGGRESSIVE;
				GCC_WARN_UNUSED_FUNCTION = YES;
				GCC_WARN_UNUSED_VARIABLE = YES;
				IPHONEOS_DEPLOYMENT_TARGET = 15.0;
				MTL_ENABLE_DEBUG_INFO = NO;
				MTL_FAST_MATH = YES;
				SDKROOT = iphoneos;
				SWIFT_COMPILATION_MODE = wholemodule;
				SWIFT_OPTIMIZATION_LEVEL = "-O";
				VALIDATE_PRODUCT = YES;
			};
			name = Release;
		};
		48692B4A27553DF90017DC36 /* Debug */ = {
			isa = XCBuildConfiguration;
			buildSettings = {
				ASSETCATALOG_COMPILER_APPICON_NAME = AppIcon;
				ASSETCATALOG_COMPILER_GLOBAL_ACCENT_COLOR_NAME = AccentColor;
				CODE_SIGN_STYLE = Automatic;
				CURRENT_PROJECT_VERSION = 1;
				DEVELOPMENT_ASSET_PATHS = "\"UselessEmailApp/Preview Content\"";
				DEVELOPMENT_TEAM = CUXQ8WM7SV;
				ENABLE_PREVIEWS = YES;
				GENERATE_INFOPLIST_FILE = YES;
				INFOPLIST_KEY_UIApplicationSceneManifest_Generation = YES;
				INFOPLIST_KEY_UIApplicationSupportsIndirectInputEvents = YES;
				INFOPLIST_KEY_UILaunchScreen_Generation = YES;
				INFOPLIST_KEY_UISupportedInterfaceOrientations_iPad = "UIInterfaceOrientationPortrait UIInterfaceOrientationPortraitUpsideDown UIInterfaceOrientationLandscapeLeft UIInterfaceOrientationLandscapeRight";
				INFOPLIST_KEY_UISupportedInterfaceOrientations_iPhone = "UIInterfaceOrientationPortrait UIInterfaceOrientationLandscapeLeft UIInterfaceOrientationLandscapeRight";
				IPHONEOS_DEPLOYMENT_TARGET = 14.0;
				LD_RUNPATH_SEARCH_PATHS = (
					"$(inherited)",
					"@executable_path/Frameworks",
				);
				MARKETING_VERSION = 1.0;
				PRODUCT_BUNDLE_IDENTIFIER = LucasJusto.UselessEmailApp;
				PRODUCT_NAME = "$(TARGET_NAME)";
				SWIFT_EMIT_LOC_STRINGS = YES;
				SWIFT_VERSION = 5.0;
				TARGETED_DEVICE_FAMILY = "1,2";
			};
			name = Debug;
		};
		48692B4B27553DF90017DC36 /* Release */ = {
			isa = XCBuildConfiguration;
			buildSettings = {
				ASSETCATALOG_COMPILER_APPICON_NAME = AppIcon;
				ASSETCATALOG_COMPILER_GLOBAL_ACCENT_COLOR_NAME = AccentColor;
				CODE_SIGN_STYLE = Automatic;
				CURRENT_PROJECT_VERSION = 1;
				DEVELOPMENT_ASSET_PATHS = "\"UselessEmailApp/Preview Content\"";
				DEVELOPMENT_TEAM = CUXQ8WM7SV;
				ENABLE_PREVIEWS = YES;
				GENERATE_INFOPLIST_FILE = YES;
				INFOPLIST_KEY_UIApplicationSceneManifest_Generation = YES;
				INFOPLIST_KEY_UIApplicationSupportsIndirectInputEvents = YES;
				INFOPLIST_KEY_UILaunchScreen_Generation = YES;
				INFOPLIST_KEY_UISupportedInterfaceOrientations_iPad = "UIInterfaceOrientationPortrait UIInterfaceOrientationPortraitUpsideDown UIInterfaceOrientationLandscapeLeft UIInterfaceOrientationLandscapeRight";
				INFOPLIST_KEY_UISupportedInterfaceOrientations_iPhone = "UIInterfaceOrientationPortrait UIInterfaceOrientationLandscapeLeft UIInterfaceOrientationLandscapeRight";
				IPHONEOS_DEPLOYMENT_TARGET = 14.0;
				LD_RUNPATH_SEARCH_PATHS = (
					"$(inherited)",
					"@executable_path/Frameworks",
				);
				MARKETING_VERSION = 1.0;
				PRODUCT_BUNDLE_IDENTIFIER = LucasJusto.UselessEmailApp;
				PRODUCT_NAME = "$(TARGET_NAME)";
				SWIFT_EMIT_LOC_STRINGS = YES;
				SWIFT_VERSION = 5.0;
				TARGETED_DEVICE_FAMILY = "1,2";
			};
			name = Release;
		};
/* End XCBuildConfiguration section */

/* Begin XCConfigurationList section */
		48692B3627553DF60017DC36 /* Build configuration list for PBXProject "UselessEmailApp" */ = {
			isa = XCConfigurationList;
			buildConfigurations = (
				48692B4727553DF90017DC36 /* Debug */,
				48692B4827553DF90017DC36 /* Release */,
			);
			defaultConfigurationIsVisible = 0;
			defaultConfigurationName = Release;
		};
		48692B4927553DF90017DC36 /* Build configuration list for PBXNativeTarget "UselessEmailApp" */ = {
			isa = XCConfigurationList;
			buildConfigurations = (
				48692B4A27553DF90017DC36 /* Debug */,
				48692B4B27553DF90017DC36 /* Release */,
			);
			defaultConfigurationIsVisible = 0;
			defaultConfigurationName = Release;
		};
/* End XCConfigurationList section */
	};
	rootObject = 48692B3327553DF60017DC36 /* Project object */;
}
